
Microsoft Visual Studio Solution File, Format Version 12.00
# Visual Studio 15
VisualStudioVersion = 15.0.28307.271
MinimumVisualStudioVersion = 10.0.40219.1
Project("{00D1A9C2-B5F0-4AF3-8072-F6C62B433612}") = "BAH.MusicPerformanceTracker.DB", "BAH.MusicPerformanceTracker.DB\BAH.MusicPerformanceTracker.DB.sqlproj", "{A62E438A-A6E6-4042-82EF-7071684D4D67}"
EndProject
Project("{FAE04EC0-301F-11D3-BF4B-00C04F79EFBC}") = "BAH.MusicPerformanceTracker.PL", "BAH.MusicPerformanceTracker.PL\BAH.MusicPerformanceTracker.PL.csproj", "{ADF72DE3-396E-4BF1-B1C0-B0EF1ED58539}"
EndProject
Project("{FAE04EC0-301F-11D3-BF4B-00C04F79EFBC}") = "BAH.MusicPerformanceTracker.PL.Test", "BAH.MusicPerformanceTracker.PL.Test\BAH.MusicPerformanceTracker.PL.Test.csproj", "{43744B29-943D-4BA8-AAB7-1371225FB4A8}"
EndProject
Project("{FAE04EC0-301F-11D3-BF4B-00C04F79EFBC}") = "BAH.MusicPerformanceTracker.BL", "BAH.MusicPerformanceTracker.BL\BAH.MusicPerformanceTracker.BL.csproj", "{C67943EE-8DD5-4C97-A116-CC54BAF28441}"
EndProject
Project("{FAE04EC0-301F-11D3-BF4B-00C04F79EFBC}") = "BAH.MusicPerformanceTracker.BL.Test", "BAH.MusicPerformanceTracker.BL.Test\BAH.MusicPerformanceTracker.BL.Test.csproj", "{841285CB-70CC-4363-AEC3-F68F6587C14F}"
EndProject
Project("{FAE04EC0-301F-11D3-BF4B-00C04F79EFBC}") = "BAH.MusicPerformanceTracker.SL", "BAH.MusicPerformanceTracker.SL\BAH.MusicPerformanceTracker.SL.csproj", "{D8FE2821-CFB3-4DCD-A39F-7E6E785AC29F}"
EndProject
Project("{FAE04EC0-301F-11D3-BF4B-00C04F79EFBC}") = "BAH.MusicPerformanceTracker.SL.Tests", "BAH.MusicPerformanceTracker.SL.Tests\BAH.MusicPerformanceTracker.SL.Tests.csproj", "{ED613E24-E9D0-492D-B697-BAE8B4247DFD}"
EndProject
Project("{FAE04EC0-301F-11D3-BF4B-00C04F79EFBC}") = "BAH.MusicPerformanceTracker.AdminUI", "BAH.MusicPerformanceTracker.AdminUI\BAH.MusicPerformanceTracker.AdminUI.csproj", "{241CC3E9-B4C1-47EB-87AD-B092C77B2456}"
EndProject
Global
	GlobalSection(SolutionConfigurationPlatforms) = preSolution
		Debug|Any CPU = Debug|Any CPU
		Release|Any CPU = Release|Any CPU
	EndGlobalSection
	GlobalSection(ProjectConfigurationPlatforms) = postSolution
		{A62E438A-A6E6-4042-82EF-7071684D4D67}.Debug|Any CPU.ActiveCfg = Debug|Any CPU
		{A62E438A-A6E6-4042-82EF-7071684D4D67}.Debug|Any CPU.Build.0 = Debug|Any CPU
		{A62E438A-A6E6-4042-82EF-7071684D4D67}.Debug|Any CPU.Deploy.0 = Debug|Any CPU
		{A62E438A-A6E6-4042-82EF-7071684D4D67}.Release|Any CPU.ActiveCfg = Release|Any CPU
		{A62E438A-A6E6-4042-82EF-7071684D4D67}.Release|Any CPU.Build.0 = Release|Any CPU
		{A62E438A-A6E6-4042-82EF-7071684D4D67}.Release|Any CPU.Deploy.0 = Release|Any CPU
		{ADF72DE3-396E-4BF1-B1C0-B0EF1ED58539}.Debug|Any CPU.ActiveCfg = Debug|Any CPU
		{ADF72DE3-396E-4BF1-B1C0-B0EF1ED58539}.Debug|Any CPU.Build.0 = Debug|Any CPU
		{ADF72DE3-396E-4BF1-B1C0-B0EF1ED58539}.Release|Any CPU.ActiveCfg = Release|Any CPU
		{ADF72DE3-396E-4BF1-B1C0-B0EF1ED58539}.Release|Any CPU.Build.0 = Release|Any CPU
		{43744B29-943D-4BA8-AAB7-1371225FB4A8}.Debug|Any CPU.ActiveCfg = Debug|Any CPU
		{43744B29-943D-4BA8-AAB7-1371225FB4A8}.Debug|Any CPU.Build.0 = Debug|Any CPU
		{43744B29-943D-4BA8-AAB7-1371225FB4A8}.Release|Any CPU.ActiveCfg = Release|Any CPU
		{43744B29-943D-4BA8-AAB7-1371225FB4A8}.Release|Any CPU.Build.0 = Release|Any CPU
		{C67943EE-8DD5-4C97-A116-CC54BAF28441}.Debug|Any CPU.ActiveCfg = Debug|Any CPU
		{C67943EE-8DD5-4C97-A116-CC54BAF28441}.Debug|Any CPU.Build.0 = Debug|Any CPU
		{C67943EE-8DD5-4C97-A116-CC54BAF28441}.Release|Any CPU.ActiveCfg = Release|Any CPU
		{C67943EE-8DD5-4C97-A116-CC54BAF28441}.Release|Any CPU.Build.0 = Release|Any CPU
		{841285CB-70CC-4363-AEC3-F68F6587C14F}.Debug|Any CPU.ActiveCfg = Debug|Any CPU
		{841285CB-70CC-4363-AEC3-F68F6587C14F}.Debug|Any CPU.Build.0 = Debug|Any CPU
		{841285CB-70CC-4363-AEC3-F68F6587C14F}.Release|Any CPU.ActiveCfg = Release|Any CPU
		{841285CB-70CC-4363-AEC3-F68F6587C14F}.Release|Any CPU.Build.0 = Release|Any CPU
		{D8FE2821-CFB3-4DCD-A39F-7E6E785AC29F}.Debug|Any CPU.ActiveCfg = Debug|Any CPU
		{D8FE2821-CFB3-4DCD-A39F-7E6E785AC29F}.Debug|Any CPU.Build.0 = Debug|Any CPU
		{D8FE2821-CFB3-4DCD-A39F-7E6E785AC29F}.Release|Any CPU.ActiveCfg = Release|Any CPU
		{D8FE2821-CFB3-4DCD-A39F-7E6E785AC29F}.Release|Any CPU.Build.0 = Release|Any CPU
		{ED613E24-E9D0-492D-B697-BAE8B4247DFD}.Debug|Any CPU.ActiveCfg = Debug|Any CPU
		{ED613E24-E9D0-492D-B697-BAE8B4247DFD}.Debug|Any CPU.Build.0 = Debug|Any CPU
		{ED613E24-E9D0-492D-B697-BAE8B4247DFD}.Release|Any CPU.ActiveCfg = Release|Any CPU
		{ED613E24-E9D0-492D-B697-BAE8B4247DFD}.Release|Any CPU.Build.0 = Release|Any CPU
		{241CC3E9-B4C1-47EB-87AD-B092C77B2456}.Debug|Any CPU.ActiveCfg = Debug|Any CPU
		{241CC3E9-B4C1-47EB-87AD-B092C77B2456}.Debug|Any CPU.Build.0 = Debug|Any CPU
		{241CC3E9-B4C1-47EB-87AD-B092C77B2456}.Release|Any CPU.ActiveCfg = Release|Any CPU
		{241CC3E9-B4C1-47EB-87AD-B092C77B2456}.Release|Any CPU.Build.0 = Release|Any CPU
	EndGlobalSection
	GlobalSection(SolutionProperties) = preSolution
		HideSolutionNode = FALSE
	EndGlobalSection
	GlobalSection(ExtensibilityGlobals) = postSolution
		SolutionGuid = {8A7260FA-F087-443A-9E83-E1FFC18C923D}
	EndGlobalSection
EndGlobal
